
Microsoft Visual Studio Solution File, Format Version 12.00
# Visual Studio Version 16
VisualStudioVersion = 16.0.30503.244
MinimumVisualStudioVersion = 10.0.40219.1
Project("{FAE04EC0-301F-11D3-BF4B-00C04F79EFBC}") = "conexao_internet", "conexao_internet.csproj", "{A12F63B4-2CC9-460D-BBE3-920E5B43A011}"
EndProject
Global
	GlobalSection(SolutionConfigurationPlatforms) = preSolution
		Debug|Any CPU = Debug|Any CPU
		Release|Any CPU = Release|Any CPU
	EndGlobalSection
	GlobalSection(ProjectConfigurationPlatforms) = postSolution
		{A12F63B4-2CC9-460D-BBE3-920E5B43A011}.Debug|Any CPU.ActiveCfg = Debug|Any CPU
		{A12F63B4-2CC9-460D-BBE3-920E5B43A011}.Debug|Any CPU.Build.0 = Debug|Any CPU
		{A12F63B4-2CC9-460D-BBE3-920E5B43A011}.Release|Any CPU.ActiveCfg = Release|Any CPU
		{A12F63B4-2CC9-460D-BBE3-920E5B43A011}.Release|Any CPU.Build.0 = Release|Any CPU
	EndGlobalSection
	GlobalSection(SolutionProperties) = preSolution
		HideSolutionNode = FALSE
	EndGlobalSection
	GlobalSection(ExtensibilityGlobals) = postSolution
		SolutionGuid = {5971FB26-2FA4-4678-9315-B4871DEB7832}
	EndGlobalSection
EndGlobal
